// !$*UTF8*$!
{
	archiveVersion = 1;
	classes = {
	};
	objectVersion = 46;
	objects = {

/* Begin PBXBuildFile section */
		A5365BBA1DBE8FF6006B072C /* AppDelegate.swift in Sources */ = {isa = PBXBuildFile; fileRef = A5365BB91DBE8FF6006B072C /* AppDelegate.swift */; };
		A5365BBF1DBE8FF6006B072C /* Main.storyboard in Resources */ = {isa = PBXBuildFile; fileRef = A5365BBD1DBE8FF6006B072C /* Main.storyboard */; };
		A5365BC11DBE8FF6006B072C /* Assets.xcassets in Resources */ = {isa = PBXBuildFile; fileRef = A5365BC01DBE8FF6006B072C /* Assets.xcassets */; };
		A5365BC41DBE8FF6006B072C /* LaunchScreen.storyboard in Resources */ = {isa = PBXBuildFile; fileRef = A5365BC21DBE8FF6006B072C /* LaunchScreen.storyboard */; };
		A5365BCC1DBE92CA006B072C /* ToDoTableViewController.swift in Sources */ = {isa = PBXBuildFile; fileRef = A5365BCB1DBE92CA006B072C /* ToDoTableViewController.swift */; };
		A5365BCE1DBE9348006B072C /* ToDoTableViewCell.swift in Sources */ = {isa = PBXBuildFile; fileRef = A5365BCD1DBE9348006B072C /* ToDoTableViewCell.swift */; };
		A5365BD01DBE974A006B072C /* ToDoDetailViewController.swift in Sources */ = {isa = PBXBuildFile; fileRef = A5365BCF1DBE974A006B072C /* ToDoDetailViewController.swift */; };
		A5365BD21DBE9E08006B072C /* ToDoListStore.swift in Sources */ = {isa = PBXBuildFile; fileRef = A5365BD11DBE9E08006B072C /* ToDoListStore.swift */; };
		A5365BD41DBEDF21006B072C /* ToDoItems.swift in Sources */ = {isa = PBXBuildFile; fileRef = A5365BD31DBEDF21006B072C /* ToDoItems.swift */; };
		A5365BD61DC101AA006B072C /* ImageViewController.swift in Sources */ = {isa = PBXBuildFile; fileRef = A5365BD51DC101AA006B072C /* ImageViewController.swift */; };
		A596128C1DC3BE54000B455B /* SearchBarViewController.swift in Sources */ = {isa = PBXBuildFile; fileRef = A596128B1DC3BE54000B455B /* SearchBarViewController.swift */; };
		A596128E1DC3C17B000B455B /* Category.swift in Sources */ = {isa = PBXBuildFile; fileRef = A596128D1DC3C17B000B455B /* Category.swift */; };
/* End PBXBuildFile section */

/* Begin PBXFileReference section */
		A5365BB61DBE8FF6006B072C /* ToDo-SondraClark.app */ = {isa = PBXFileReference; explicitFileType = wrapper.application; includeInIndex = 0; path = "ToDo-SondraClark.app"; sourceTree = BUILT_PRODUCTS_DIR; };
		A5365BB91DBE8FF6006B072C /* AppDelegate.swift */ = {isa = PBXFileReference; lastKnownFileType = sourcecode.swift; path = AppDelegate.swift; sourceTree = "<group>"; };
		A5365BBE1DBE8FF6006B072C /* Base */ = {isa = PBXFileReference; lastKnownFileType = file.storyboard; name = Base; path = Base.lproj/Main.storyboard; sourceTree = "<group>"; };
		A5365BC01DBE8FF6006B072C /* Assets.xcassets */ = {isa = PBXFileReference; lastKnownFileType = folder.assetcatalog; path = Assets.xcassets; sourceTree = "<group>"; };
		A5365BC31DBE8FF6006B072C /* Base */ = {isa = PBXFileReference; lastKnownFileType = file.storyboard; name = Base; path = Base.lproj/LaunchScreen.storyboard; sourceTree = "<group>"; };
		A5365BC51DBE8FF6006B072C /* Info.plist */ = {isa = PBXFileReference; lastKnownFileType = text.plist.xml; path = Info.plist; sourceTree = "<group>"; };
		A5365BCB1DBE92CA006B072C /* ToDoTableViewController.swift */ = {isa = PBXFileReference; fileEncoding = 4; lastKnownFileType = sourcecode.swift; path = ToDoTableViewController.swift; sourceTree = "<group>"; };
		A5365BCD1DBE9348006B072C /* ToDoTableViewCell.swift */ = {isa = PBXFileReference; fileEncoding = 4; lastKnownFileType = sourcecode.swift; path = ToDoTableViewCell.swift; sourceTree = "<group>"; };
		A5365BCF1DBE974A006B072C /* ToDoDetailViewController.swift */ = {isa = PBXFileReference; fileEncoding = 4; lastKnownFileType = sourcecode.swift; path = ToDoDetailViewController.swift; sourceTree = "<group>"; };
		A5365BD11DBE9E08006B072C /* ToDoListStore.swift */ = {isa = PBXFileReference; fileEncoding = 4; lastKnownFileType = sourcecode.swift; path = ToDoListStore.swift; sourceTree = "<group>"; };
		A5365BD31DBEDF21006B072C /* ToDoItems.swift */ = {isa = PBXFileReference; fileEncoding = 4; lastKnownFileType = sourcecode.swift; path = ToDoItems.swift; sourceTree = "<group>"; };
		A5365BD51DC101AA006B072C /* ImageViewController.swift */ = {isa = PBXFileReference; fileEncoding = 4; lastKnownFileType = sourcecode.swift; path = ImageViewController.swift; sourceTree = "<group>"; };
		A596128B1DC3BE54000B455B /* SearchBarViewController.swift */ = {isa = PBXFileReference; fileEncoding = 4; lastKnownFileType = sourcecode.swift; path = SearchBarViewController.swift; sourceTree = "<group>"; };
		A596128D1DC3C17B000B455B /* Category.swift */ = {isa = PBXFileReference; fileEncoding = 4; lastKnownFileType = sourcecode.swift; path = Category.swift; sourceTree = "<group>"; };
/* End PBXFileReference section */

/* Begin PBXFrameworksBuildPhase section */
		A5365BB31DBE8FF6006B072C /* Frameworks */ = {
			isa = PBXFrameworksBuildPhase;
			buildActionMask = 2147483647;
			files = (
			);
			runOnlyForDeploymentPostprocessing = 0;
		};
/* End PBXFrameworksBuildPhase section */

/* Begin PBXGroup section */
		A5365BAD1DBE8FF6006B072C = {
			isa = PBXGroup;
			children = (
				A5365BB81DBE8FF6006B072C /* ToDo-SondraClark */,
				A5365BB71DBE8FF6006B072C /* Products */,
			);
			sourceTree = "<group>";
		};
		A5365BB71DBE8FF6006B072C /* Products */ = {
			isa = PBXGroup;
			children = (
				A5365BB61DBE8FF6006B072C /* ToDo-SondraClark.app */,
			);
			name = Products;
			sourceTree = "<group>";
		};
		A5365BB81DBE8FF6006B072C /* ToDo-SondraClark */ = {
			isa = PBXGroup;
			children = (
				A5365BB91DBE8FF6006B072C /* AppDelegate.swift */,
				A5365BBD1DBE8FF6006B072C /* Main.storyboard */,
				A5365BC01DBE8FF6006B072C /* Assets.xcassets */,
				A5365BC21DBE8FF6006B072C /* LaunchScreen.storyboard */,
				A5365BC51DBE8FF6006B072C /* Info.plist */,
				A5365BCB1DBE92CA006B072C /* ToDoTableViewController.swift */,
				A5365BCD1DBE9348006B072C /* ToDoTableViewCell.swift */,
				A5365BCF1DBE974A006B072C /* ToDoDetailViewController.swift */,
				A5365BD11DBE9E08006B072C /* ToDoListStore.swift */,
				A5365BD31DBEDF21006B072C /* ToDoItems.swift */,
				A5365BD51DC101AA006B072C /* ImageViewController.swift */,
				A596128B1DC3BE54000B455B /* SearchBarViewController.swift */,
				A596128D1DC3C17B000B455B /* Category.swift */,
			);
			path = "ToDo-SondraClark";
			sourceTree = "<group>";
		};
/* End PBXGroup section */

/* Begin PBXNativeTarget section */
		A5365BB51DBE8FF6006B072C /* ToDo-SondraClark */ = {
			isa = PBXNativeTarget;
			buildConfigurationList = A5365BC81DBE8FF6006B072C /* Build configuration list for PBXNativeTarget "ToDo-SondraClark" */;
			buildPhases = (
				A5365BB21DBE8FF6006B072C /* Sources */,
				A5365BB31DBE8FF6006B072C /* Frameworks */,
				A5365BB41DBE8FF6006B072C /* Resources */,
			);
			buildRules = (
			);
			dependencies = (
			);
			name = "ToDo-SondraClark";
			productName = "ToDo-SondraClark";
			productReference = A5365BB61DBE8FF6006B072C /* ToDo-SondraClark.app */;
			productType = "com.apple.product-type.application";
		};
/* End PBXNativeTarget section */

/* Begin PBXProject section */
		A5365BAE1DBE8FF6006B072C /* Project object */ = {
			isa = PBXProject;
			attributes = {
				LastSwiftUpdateCheck = 0800;
				LastUpgradeCheck = 0800;
				ORGANIZATIONNAME = "Sondra Clark";
				TargetAttributes = {
					A5365BB51DBE8FF6006B072C = {
						CreatedOnToolsVersion = 8.0;
						ProvisioningStyle = Automatic;
					};
				};
			};
			buildConfigurationList = A5365BB11DBE8FF6006B072C /* Build configuration list for PBXProject "ToDo-SondraClark" */;
			compatibilityVersion = "Xcode 3.2";
			developmentRegion = English;
			hasScannedForEncodings = 0;
			knownRegions = (
				en,
				Base,
			);
			mainGroup = A5365BAD1DBE8FF6006B072C;
			productRefGroup = A5365BB71DBE8FF6006B072C /* Products */;
			projectDirPath = "";
			projectRoot = "";
			targets = (
				A5365BB51DBE8FF6006B072C /* ToDo-SondraClark */,
			);
		};
/* End PBXProject section */

/* Begin PBXResourcesBuildPhase section */
		A5365BB41DBE8FF6006B072C /* Resources */ = {
			isa = PBXResourcesBuildPhase;
			buildActionMask = 2147483647;
			files = (
				A5365BC41DBE8FF6006B072C /* LaunchScreen.storyboard in Resources */,
				A5365BC11DBE8FF6006B072C /* Assets.xcassets in Resources */,
				A5365BBF1DBE8FF6006B072C /* Main.storyboard in Resources */,
			);
			runOnlyForDeploymentPostprocessing = 0;
		};
/* End PBXResourcesBuildPhase section */

/* Begin PBXSourcesBuildPhase section */
		A5365BB21DBE8FF6006B072C /* Sources */ = {
			isa = PBXSourcesBuildPhase;
			buildActionMask = 2147483647;
			files = (
				A5365BCE1DBE9348006B072C /* ToDoTableViewCell.swift in Sources */,
				A5365BD01DBE974A006B072C /* ToDoDetailViewController.swift in Sources */,
				A596128C1DC3BE54000B455B /* SearchBarViewController.swift in Sources */,
				A5365BD41DBEDF21006B072C /* ToDoItems.swift in Sources */,
				A5365BD61DC101AA006B072C /* ImageViewController.swift in Sources */,
				A596128E1DC3C17B000B455B /* Category.swift in Sources */,
				A5365BBA1DBE8FF6006B072C /* AppDelegate.swift in Sources */,
				A5365BCC1DBE92CA006B072C /* ToDoTableViewController.swift in Sources */,
				A5365BD21DBE9E08006B072C /* ToDoListStore.swift in Sources */,
			);
			runOnlyForDeploymentPostprocessing = 0;
		};
/* End PBXSourcesBuildPhase section */

/* Begin PBXVariantGroup section */
		A5365BBD1DBE8FF6006B072C /* Main.storyboard */ = {
			isa = PBXVariantGroup;
			children = (
				A5365BBE1DBE8FF6006B072C /* Base */,
			);
			name = Main.storyboard;
			sourceTree = "<group>";
		};
		A5365BC21DBE8FF6006B072C /* LaunchScreen.storyboard */ = {
			isa = PBXVariantGroup;
			children = (
				A5365BC31DBE8FF6006B072C /* Base */,
			);
			name = LaunchScreen.storyboard;
			sourceTree = "<group>";
		};
/* End PBXVariantGroup section */

/* Begin XCBuildConfiguration section */
		A5365BC61DBE8FF6006B072C /* Debug */ = {
			isa = XCBuildConfiguration;
			buildSettings = {
				ALWAYS_SEARCH_USER_PATHS = NO;
				CLANG_ANALYZER_NONNULL = YES;
				CLANG_CXX_LANGUAGE_STANDARD = "gnu++0x";
				CLANG_CXX_LIBRARY = "libc++";
				CLANG_ENABLE_MODULES = YES;
				CLANG_ENABLE_OBJC_ARC = YES;
				CLANG_WARN_BOOL_CONVERSION = YES;
				CLANG_WARN_CONSTANT_CONVERSION = YES;
				CLANG_WARN_DIRECT_OBJC_ISA_USAGE = YES_ERROR;
				CLANG_WARN_DOCUMENTATION_COMMENTS = YES;
				CLANG_WARN_EMPTY_BODY = YES;
				CLANG_WARN_ENUM_CONVERSION = YES;
				CLANG_WARN_INFINITE_RECURSION = YES;
				CLANG_WARN_INT_CONVERSION = YES;
				CLANG_WARN_OBJC_ROOT_CLASS = YES_ERROR;
				CLANG_WARN_SUSPICIOUS_MOVES = YES;
				CLANG_WARN_UNREACHABLE_CODE = YES;
				CLANG_WARN__DUPLICATE_METHOD_MATCH = YES;
				"CODE_SIGN_IDENTITY[sdk=iphoneos*]" = "iPhone Developer";
				COPY_PHASE_STRIP = NO;
				DEBUG_INFORMATION_FORMAT = dwarf;
				ENABLE_STRICT_OBJC_MSGSEND = YES;
				ENABLE_TESTABILITY = YES;
				GCC_C_LANGUAGE_STANDARD = gnu99;
				GCC_DYNAMIC_NO_PIC = NO;
				GCC_NO_COMMON_BLOCKS = YES;
				GCC_OPTIMIZATION_LEVEL = 0;
				GCC_PREPROCESSOR_DEFINITIONS = (
					"DEBUG=1",
					"$(inherited)",
				);
				GCC_WARN_64_TO_32_BIT_CONVERSION = YES;
				GCC_WARN_ABOUT_RETURN_TYPE = YES_ERROR;
				GCC_WARN_UNDECLARED_SELECTOR = YES;
				GCC_WARN_UNINITIALIZED_AUTOS = YES_AGGRESSIVE;
				GCC_WARN_UNUSED_FUNCTION = YES;
				GCC_WARN_UNUSED_VARIABLE = YES;
				IPHONEOS_DEPLOYMENT_TARGET = 10.0;
				MTL_ENABLE_DEBUG_INFO = YES;
				ONLY_ACTIVE_ARCH = YES;
				SDKROOT = iphoneos;
				SWIFT_ACTIVE_COMPILATION_CONDITIONS = DEBUG;
				SWIFT_OPTIMIZATION_LEVEL = "-Onone";
				TARGETED_DEVICE_FAMILY = "1,2";
			};
			name = Debug;
		};
		A5365BC71DBE8FF6006B072C /* Release */ = {
			isa = XCBuildConfiguration;
			buildSettings = {
				ALWAYS_SEARCH_USER_PATHS = NO;
				CLANG_ANALYZER_NONNULL = YES;
				CLANG_CXX_LANGUAGE_STANDARD = "gnu++0x";
				CLANG_CXX_LIBRARY = "libc++";
				CLANG_ENABLE_MODULES = YES;
				CLANG_ENABLE_OBJC_ARC = YES;
				CLANG_WARN_BOOL_CONVERSION = YES;
				CLANG_WARN_CONSTANT_CONVERSION = YES;
				CLANG_WARN_DIRECT_OBJC_ISA_USAGE = YES_ERROR;
				CLANG_WARN_DOCUMENTATION_COMMENTS = YES;
				CLANG_WARN_EMPTY_BODY = YES;
				CLANG_WARN_ENUM_CONVERSION = YES;
				CLANG_WARN_INFINITE_RECURSION = YES;
				CLANG_WARN_INT_CONVERSION = YES;
				CLANG_WARN_OBJC_ROOT_CLASS = YES_ERROR;
				CLANG_WARN_SUSPICIOUS_MOVES = YES;
				CLANG_WARN_UNREACHABLE_CODE = YES;
				CLANG_WARN__DUPLICATE_METHOD_MATCH = YES;
				"CODE_SIGN_IDENTITY[sdk=iphoneos*]" = "iPhone Developer";
				COPY_PHASE_STRIP = NO;
				DEBUG_INFORMATION_FORMAT = "dwarf-with-dsym";
				ENABLE_NS_ASSERTIONS = NO;
				ENABLE_STRICT_OBJC_MSGSEND = YES;
				GCC_C_LANGUAGE_STANDARD = gnu99;
				GCC_NO_COMMON_BLOCKS = YES;
				GCC_WARN_64_TO_32_BIT_CONVERSION = YES;
				GCC_WARN_ABOUT_RETURN_TYPE = YES_ERROR;
				GCC_WARN_UNDECLARED_SELECTOR = YES;
				GCC_WARN_UNINITIALIZED_AUTOS = YES_AGGRESSIVE;
				GCC_WARN_UNUSED_FUNCTION = YES;
				GCC_WARN_UNUSED_VARIABLE = YES;
				IPHONEOS_DEPLOYMENT_TARGET = 10.0;
				MTL_ENABLE_DEBUG_INFO = NO;
				SDKROOT = iphoneos;
				SWIFT_OPTIMIZATION_LEVEL = "-Owholemodule";
				TARGETED_DEVICE_FAMILY = "1,2";
				VALIDATE_PRODUCT = YES;
			};
			name = Release;
		};
		A5365BC91DBE8FF6006B072C /* Debug */ = {
			isa = XCBuildConfiguration;
			buildSettings = {
				ASSETCATALOG_COMPILER_APPICON_NAME = AppIcon;
				INFOPLIST_FILE = "ToDo-SondraClark/Info.plist";
				LD_RUNPATH_SEARCH_PATHS = "$(inherited) @executable_path/Frameworks";
				PRODUCT_BUNDLE_IDENTIFIER = "com.TEKY1.ToDo-SondraClark";
				PRODUCT_NAME = "$(TARGET_NAME)";
				SWIFT_VERSION = 3.0;
			};
			name = Debug;
		};
		A5365BCA1DBE8FF6006B072C /* Release */ = {
			isa = XCBuildConfiguration;
			buildSettings = {
				ASSETCATALOG_COMPILER_APPICON_NAME = AppIcon;
				INFOPLIST_FILE = "ToDo-SondraClark/Info.plist";
				LD_RUNPATH_SEARCH_PATHS = "$(inherited) @executable_path/Frameworks";
				PRODUCT_BUNDLE_IDENTIFIER = "com.TEKY1.ToDo-SondraClark";
				PRODUCT_NAME = "$(TARGET_NAME)";
				SWIFT_VERSION = 3.0;
			};
			name = Release;
		};
/* End XCBuildConfiguration section */

/* Begin XCConfigurationList section */
		A5365BB11DBE8FF6006B072C /* Build configuration list for PBXProject "ToDo-SondraClark" */ = {
			isa = XCConfigurationList;
			buildConfigurations = (
				A5365BC61DBE8FF6006B072C /* Debug */,
				A5365BC71DBE8FF6006B072C /* Release */,
			);
			defaultConfigurationIsVisible = 0;
			defaultConfigurationName = Release;
		};
		A5365BC81DBE8FF6006B072C /* Build configuration list for PBXNativeTarget "ToDo-SondraClark" */ = {
			isa = XCConfigurationList;
			buildConfigurations = (
				A5365BC91DBE8FF6006B072C /* Debug */,
				A5365BCA1DBE8FF6006B072C /* Release */,
			);
			defaultConfigurationIsVisible = 0;
			defaultConfigurationName = Release;
		};
/* End XCConfigurationList section */
	};
	rootObject = A5365BAE1DBE8FF6006B072C /* Project object */;
}
